<?xml version="1.0" encoding="utf-8"?>
<Project ToolsVersion="4.0" xmlns="http://schemas.microsoft.com/developer/msbuild/2003">
  <ItemGroup>
    <Filter Include="event">
      <UniqueIdentifier>{f783e0c9-b6ac-4707-88a0-7f151b6cbff4}</UniqueIdentifier>
    </Filter>
    <Filter Include="core">
      <UniqueIdentifier>{4992e540-3ba7-4cf0-9cad-b0a88de3a4bc}</UniqueIdentifier>
    </Filter>
    <Filter Include="include">
      <UniqueIdentifier>{6a5a0c59-00a0-455b-9e06-3a8432a08512}</UniqueIdentifier>
    </Filter>
    <Filter Include="socket">
      <UniqueIdentifier>{25c824d9-8621-4a8c-8be6-62a4bee728a4}</UniqueIdentifier>
    </Filter>
    <Filter Include="socket\tcp">
      <UniqueIdentifier>{de674b0b-65e3-4b38-a5b1-0c3527d0a3c6}</UniqueIdentifier>
    </Filter>
    <Filter Include="socket\tcp\server">
      <UniqueIdentifier>{fffd8b49-cc08-47a5-8f92-cc39c13c7b3e}</UniqueIdentifier>
    </Filter>
    <Filter Include="socket\tcp\client">
      <UniqueIdentifier>{18fad710-92c5-4e6d-9092-e9ceef2837c1}</UniqueIdentifier>
    </Filter>
  </ItemGroup>
  <ItemGroup>
    <ClCompile Include="..\source\event\event_loop.cc">
      <Filter>event</Filter>
    </ClCompile>
    <ClCompile Include="..\source\event\event_status.cc">
      <Filter>event</Filter>
    </ClCompile>
    <ClCompile Include="..\source\event\event_base.cc">
      <Filter>event</Filter>
    </ClCompile>
    <ClCompile Include="..\source\event\event_share.cc">
      <Filter>event</Filter>
    </ClCompile>
    <ClCompile Include="..\source\event\event_loop_thread.cc">
      <Filter>event</Filter>
    </ClCompile>
    <ClCompile Include="..\source\event\event_loop_thread_pool.cc">
      <Filter>event</Filter>
    </ClCompile>
    <ClCompile Include="..\source\event\event_timer.cc">
      <Filter>event</Filter>
    </ClCompile>
    <ClCompile Include="..\source\event\event_timer_vesse.cc">
      <Filter>event</Filter>
    </ClCompile>
    <ClCompile Include="..\source\event\event_signal.cc">
      <Filter>event</Filter>
    </ClCompile>
    <ClCompile Include="..\source\event\event_untlity.cc">
      <Filter>event</Filter>
    </ClCompile>
    <ClCompile Include="..\source\tcp_listen.cc">
      <Filter>socket\tcp\server</Filter>
    </ClCompile>
    <ClCompile Include="..\source\tcp_server.cc">
      <Filter>socket\tcp\server</Filter>
    </ClCompile>
    <ClCompile Include="..\source\tcp_client.cc">
      <Filter>socket\tcp\client</Filter>
    </ClCompile>
    <ClCompile Include="..\source\tcp_connect.cc">
      <Filter>socket\tcp\client</Filter>
    </ClCompile>
    <ClCompile Include="..\source\event\event_socket.cc">
      <Filter>event</Filter>
    </ClCompile>
    <ClCompile Include="..\source\event\event_socket_pool.cc">
      <Filter>event</Filter>
    </ClCompile>
    <ClCompile Include="..\source\tcp_message.cc">
      <Filter>socket\tcp</Filter>
    </ClCompile>
    <ClCompile Include="..\source\tcp_session.cc">
      <Filter>socket\tcp</Filter>
    </ClCompile>
    <ClCompile Include="..\source\tcp_server_service.cc">
      <Filter>socket\tcp\server</Filter>
    </ClCompile>
    <ClCompile Include="..\source\event\event_resolve.cc">
      <Filter>event</Filter>
    </ClCompile>
    <ClCompile Include="..\source\event\event_watcher.cc">
      <Filter>event</Filter>
    </ClCompile>
    <ClCompile Include="..\source\event\event_async.cc">
      <Filter>event</Filter>
    </ClCompile>
    <ClCompile Include="..\source\event\event_queue.cc">
      <Filter>event</Filter>
    </ClCompile>
  </ItemGroup>
  <ItemGroup>
    <ClInclude Include="..\source\include\platform.h">
      <Filter>core</Filter>
    </ClInclude>
    <ClInclude Include="..\source\include\type.h">
      <Filter>core</Filter>
    </ClInclude>
    <ClInclude Include="..\source\include\config.h">
      <Filter>core</Filter>
    </ClInclude>
    <ClInclude Include="..\source\include\event_untlity.h">
      <Filter>include</Filter>
    </ClInclude>
    <ClInclude Include="..\source\include\event_status.h">
      <Filter>include</Filter>
    </ClInclude>
    <ClInclude Include="..\source\include\event_share.h">
      <Filter>include</Filter>
    </ClInclude>
    <ClInclude Include="..\source\include\event_loop_thread.h">
      <Filter>include</Filter>
    </ClInclude>
    <ClInclude Include="..\source\include\event_loop.h">
      <Filter>include</Filter>
    </ClInclude>
    <ClInclude Include="..\source\include\event_base.h">
      <Filter>include</Filter>
    </ClInclude>
    <ClInclude Include="..\source\include\event_loop_thread_pool.h">
      <Filter>include</Filter>
    </ClInclude>
    <ClInclude Include="..\source\include\tcp_server.h">
      <Filter>include</Filter>
    </ClInclude>
    <ClInclude Include="..\source\include\tcp_session.h">
      <Filter>include</Filter>
    </ClInclude>
    <ClInclude Include="..\source\include\buffer.h">
      <Filter>include</Filter>
    </ClInclude>
    <ClInclude Include="..\source\include\tcp_message.h">
      <Filter>include</Filter>
    </ClInclude>
    <ClInclude Include="..\source\include\event_timer.h">
      <Filter>include</Filter>
    </ClInclude>
    <ClInclude Include="..\source\include\event_timer_vesse.h">
      <Filter>include</Filter>
    </ClInclude>
    <ClInclude Include="..\source\include\event_signal.h">
      <Filter>include</Filter>
    </ClInclude>
    <ClInclude Include="..\source\include\tcp_client.h">
      <Filter>include</Filter>
    </ClInclude>
    <ClInclude Include="..\source\include\tcp_connect.h">
      <Filter>include</Filter>
    </ClInclude>
    <ClInclude Include="..\source\include\event_socket.h">
      <Filter>include</Filter>
    </ClInclude>
    <ClInclude Include="..\source\include\event_socket_pool.h">
      <Filter>include</Filter>
    </ClInclude>
    <ClInclude Include="..\source\include\tcp_listen.h">
      <Filter>include</Filter>
    </ClInclude>
    <ClInclude Include="..\source\include\tcp_server_service.h">
      <Filter>include</Filter>
    </ClInclude>
    <ClInclude Include="..\source\include\event_resolve.h">
      <Filter>include</Filter>
    </ClInclude>
    <ClInclude Include="..\source\include\event_watcher.h">
      <Filter>include</Filter>
    </ClInclude>
    <ClInclude Include="..\source\include\event_async.h">
      <Filter>include</Filter>
    </ClInclude>
    <ClInclude Include="..\source\include\event_queue.h">
      <Filter>include</Filter>
    </ClInclude>
  </ItemGroup>
</Project>