
Microsoft Visual Studio Solution File, Format Version 12.00
# Visual Studio Version 16
VisualStudioVersion = 16.0.30804.86
MinimumVisualStudioVersion = 10.0.40219.1
Project("{8BC9CEB8-8B4A-11D0-8D11-00A0C91BC942}") = "evpp", "vcxproj\evpp.vcxproj", "{2AF40E9D-5653-4EB4-94C9-D2235733DDAE}"
EndProject
Project("{8BC9CEB8-8B4A-11D0-8D11-00A0C91BC942}") = "test", "test\test.vcxproj", "{1E3DC267-98F0-45EA-BC60-FAD4EC543893}"
EndProject
Project("{8BC9CEB8-8B4A-11D0-8D11-00A0C91BC942}") = "uv_a", "..\libuv\vsprojects\uv_a.vcxproj", "{271F0C53-971B-3471-A1F8-1C2A3209445C}"
EndProject
Project("{8BC9CEB8-8B4A-11D0-8D11-00A0C91BC942}") = "socket", "socket\socket.vcxproj", "{F7845145-D83E-427F-B6B7-5893307E5604}"
EndProject
Project("{8BC9CEB8-8B4A-11D0-8D11-00A0C91BC942}") = "examples", "examples\examples.vcxproj", "{DC95161C-3C16-492D-ACC7-F427C6E2B445}"
EndProject
Project("{8BC9CEB8-8B4A-11D0-8D11-00A0C91BC942}") = "libcpps", "..\cpps\vsprojects\src\libcpps.vcxproj", "{5DDA75C1-1203-3168-9A17-47F33F14469F}"
EndProject
Global
	GlobalSection(SolutionConfigurationPlatforms) = preSolution
		Debug|ARM = Debug|ARM
		Debug|ARM64 = Debug|ARM64
		Debug|x64 = Debug|x64
		Debug|x86 = Debug|x86
		Release|ARM = Release|ARM
		Release|ARM64 = Release|ARM64
		Release|x64 = Release|x64
		Release|x86 = Release|x86
	EndGlobalSection
	GlobalSection(ProjectConfigurationPlatforms) = postSolution
		{2AF40E9D-5653-4EB4-94C9-D2235733DDAE}.Debug|ARM.ActiveCfg = Debug|Win32
		{2AF40E9D-5653-4EB4-94C9-D2235733DDAE}.Debug|ARM64.ActiveCfg = Debug|Win32
		{2AF40E9D-5653-4EB4-94C9-D2235733DDAE}.Debug|x64.ActiveCfg = Debug|x64
		{2AF40E9D-5653-4EB4-94C9-D2235733DDAE}.Debug|x64.Build.0 = Debug|x64
		{2AF40E9D-5653-4EB4-94C9-D2235733DDAE}.Debug|x86.ActiveCfg = Debug|Win32
		{2AF40E9D-5653-4EB4-94C9-D2235733DDAE}.Debug|x86.Build.0 = Debug|Win32
		{2AF40E9D-5653-4EB4-94C9-D2235733DDAE}.Release|ARM.ActiveCfg = Release|Win32
		{2AF40E9D-5653-4EB4-94C9-D2235733DDAE}.Release|ARM64.ActiveCfg = Release|Win32
		{2AF40E9D-5653-4EB4-94C9-D2235733DDAE}.Release|x64.ActiveCfg = Release|x64
		{2AF40E9D-5653-4EB4-94C9-D2235733DDAE}.Release|x64.Build.0 = Release|x64
		{2AF40E9D-5653-4EB4-94C9-D2235733DDAE}.Release|x86.ActiveCfg = Release|Win32
		{2AF40E9D-5653-4EB4-94C9-D2235733DDAE}.Release|x86.Build.0 = Release|Win32
		{1E3DC267-98F0-45EA-BC60-FAD4EC543893}.Debug|ARM.ActiveCfg = Debug|Win32
		{1E3DC267-98F0-45EA-BC60-FAD4EC543893}.Debug|ARM64.ActiveCfg = Debug|Win32
		{1E3DC267-98F0-45EA-BC60-FAD4EC543893}.Debug|x64.ActiveCfg = Debug|x64
		{1E3DC267-98F0-45EA-BC60-FAD4EC543893}.Debug|x64.Build.0 = Debug|x64
		{1E3DC267-98F0-45EA-BC60-FAD4EC543893}.Debug|x86.ActiveCfg = Debug|Win32
		{1E3DC267-98F0-45EA-BC60-FAD4EC543893}.Debug|x86.Build.0 = Debug|Win32
		{1E3DC267-98F0-45EA-BC60-FAD4EC543893}.Release|ARM.ActiveCfg = Release|Win32
		{1E3DC267-98F0-45EA-BC60-FAD4EC543893}.Release|ARM64.ActiveCfg = Release|Win32
		{1E3DC267-98F0-45EA-BC60-FAD4EC543893}.Release|x64.ActiveCfg = Release|x64
		{1E3DC267-98F0-45EA-BC60-FAD4EC543893}.Release|x64.Build.0 = Release|x64
		{1E3DC267-98F0-45EA-BC60-FAD4EC543893}.Release|x86.ActiveCfg = Release|Win32
		{1E3DC267-98F0-45EA-BC60-FAD4EC543893}.Release|x86.Build.0 = Release|Win32
		{271F0C53-971B-3471-A1F8-1C2A3209445C}.Debug|ARM.ActiveCfg = Debug|Win32
		{271F0C53-971B-3471-A1F8-1C2A3209445C}.Debug|ARM64.ActiveCfg = Debug|Win32
		{271F0C53-971B-3471-A1F8-1C2A3209445C}.Debug|x64.ActiveCfg = Debug|x64
		{271F0C53-971B-3471-A1F8-1C2A3209445C}.Debug|x64.Build.0 = Debug|x64
		{271F0C53-971B-3471-A1F8-1C2A3209445C}.Debug|x86.ActiveCfg = Debug|Win32
		{271F0C53-971B-3471-A1F8-1C2A3209445C}.Debug|x86.Build.0 = Debug|Win32
		{271F0C53-971B-3471-A1F8-1C2A3209445C}.Release|ARM.ActiveCfg = Release|Win32
		{271F0C53-971B-3471-A1F8-1C2A3209445C}.Release|ARM64.ActiveCfg = Release|Win32
		{271F0C53-971B-3471-A1F8-1C2A3209445C}.Release|x64.ActiveCfg = Release|x64
		{271F0C53-971B-3471-A1F8-1C2A3209445C}.Release|x64.Build.0 = Release|x64
		{271F0C53-971B-3471-A1F8-1C2A3209445C}.Release|x86.ActiveCfg = Release|Win32
		{271F0C53-971B-3471-A1F8-1C2A3209445C}.Release|x86.Build.0 = Release|Win32
		{F7845145-D83E-427F-B6B7-5893307E5604}.Debug|ARM.ActiveCfg = Debug|Win32
		{F7845145-D83E-427F-B6B7-5893307E5604}.Debug|ARM64.ActiveCfg = Debug|Win32
		{F7845145-D83E-427F-B6B7-5893307E5604}.Debug|x64.ActiveCfg = Debug|x64
		{F7845145-D83E-427F-B6B7-5893307E5604}.Debug|x64.Build.0 = Debug|x64
		{F7845145-D83E-427F-B6B7-5893307E5604}.Debug|x86.ActiveCfg = Debug|Win32
		{F7845145-D83E-427F-B6B7-5893307E5604}.Debug|x86.Build.0 = Debug|Win32
		{F7845145-D83E-427F-B6B7-5893307E5604}.Release|ARM.ActiveCfg = Release|Win32
		{F7845145-D83E-427F-B6B7-5893307E5604}.Release|ARM64.ActiveCfg = Release|Win32
		{F7845145-D83E-427F-B6B7-5893307E5604}.Release|x64.ActiveCfg = Release|x64
		{F7845145-D83E-427F-B6B7-5893307E5604}.Release|x64.Build.0 = Release|x64
		{F7845145-D83E-427F-B6B7-5893307E5604}.Release|x86.ActiveCfg = Release|Win32
		{DC95161C-3C16-492D-ACC7-F427C6E2B445}.Debug|ARM.ActiveCfg = Debug|Win32
		{DC95161C-3C16-492D-ACC7-F427C6E2B445}.Debug|ARM64.ActiveCfg = Debug|Win32
		{DC95161C-3C16-492D-ACC7-F427C6E2B445}.Debug|x64.ActiveCfg = Debug|x64
		{DC95161C-3C16-492D-ACC7-F427C6E2B445}.Debug|x64.Build.0 = Debug|x64
		{DC95161C-3C16-492D-ACC7-F427C6E2B445}.Debug|x86.ActiveCfg = Debug|Win32
		{DC95161C-3C16-492D-ACC7-F427C6E2B445}.Debug|x86.Build.0 = Debug|Win32
		{DC95161C-3C16-492D-ACC7-F427C6E2B445}.Release|ARM.ActiveCfg = Release|Win32
		{DC95161C-3C16-492D-ACC7-F427C6E2B445}.Release|ARM64.ActiveCfg = Release|Win32
		{DC95161C-3C16-492D-ACC7-F427C6E2B445}.Release|x64.ActiveCfg = Release|x64
		{DC95161C-3C16-492D-ACC7-F427C6E2B445}.Release|x64.Build.0 = Release|x64
		{DC95161C-3C16-492D-ACC7-F427C6E2B445}.Release|x86.ActiveCfg = Release|Win32
		{DC95161C-3C16-492D-ACC7-F427C6E2B445}.Release|x86.Build.0 = Release|Win32
		{5DDA75C1-1203-3168-9A17-47F33F14469F}.Debug|ARM.ActiveCfg = Debug|Win32
		{5DDA75C1-1203-3168-9A17-47F33F14469F}.Debug|ARM64.ActiveCfg = Debug|Win32
		{5DDA75C1-1203-3168-9A17-47F33F14469F}.Debug|x64.ActiveCfg = Debug|x64
		{5DDA75C1-1203-3168-9A17-47F33F14469F}.Debug|x64.Build.0 = Debug|x64
		{5DDA75C1-1203-3168-9A17-47F33F14469F}.Debug|x86.ActiveCfg = Debug|Win32
		{5DDA75C1-1203-3168-9A17-47F33F14469F}.Debug|x86.Build.0 = Debug|Win32
		{5DDA75C1-1203-3168-9A17-47F33F14469F}.Release|ARM.ActiveCfg = Release|Win32
		{5DDA75C1-1203-3168-9A17-47F33F14469F}.Release|ARM64.ActiveCfg = Release|Win32
		{5DDA75C1-1203-3168-9A17-47F33F14469F}.Release|x64.ActiveCfg = Release|x64
		{5DDA75C1-1203-3168-9A17-47F33F14469F}.Release|x64.Build.0 = Release|x64
		{5DDA75C1-1203-3168-9A17-47F33F14469F}.Release|x86.ActiveCfg = Release|Win32
	EndGlobalSection
	GlobalSection(SolutionProperties) = preSolution
		HideSolutionNode = FALSE
	EndGlobalSection
	GlobalSection(ExtensibilityGlobals) = postSolution
		SolutionGuid = {AC1F4BEE-B623-4199-9AA5-CA91048820A6}
	EndGlobalSection
EndGlobal
